
Microsoft Visual Studio Solution File, Format Version 12.00
# Visual Studio Version 16
VisualStudioVersion = 16.0.30717.126
MinimumVisualStudioVersion = 10.0.40219.1
Project("{FAE04EC0-301F-11D3-BF4B-00C04F79EFBC}") = "DrewsMusicShop.Data", "DrewsMusicShop.Data\DrewsMusicShop.Data.csproj", "{A6FE8632-C03F-4CF9-955B-89010B1C35A0}"
EndProject
Project("{FAE04EC0-301F-11D3-BF4B-00C04F79EFBC}") = "DrewsMusicShop.Entity", "DrewsMusicShop.Entity\DrewsMusicShop.Entity.csproj", "{DF5EDDE0-7ED2-49F6-9CD1-21322A06DC8D}"
EndProject
Project("{FAE04EC0-301F-11D3-BF4B-00C04F79EFBC}") = "DrewsMusicShop.Common", "DrewsMusicShop.Service\DrewsMusicShop.Common.csproj", "{6285BB06-8D72-4FDC-8AC5-4B27D1F0FCB8}"
EndProject
Project("{FAE04EC0-301F-11D3-BF4B-00C04F79EFBC}") = "DrewsMusicShop.Web", "DrewsMusicShop.Web\DrewsMusicShop.Web.csproj", "{5F3FB0BF-5ADF-401A-AF5A-0C7E37DCE013}"
EndProject
Project("{FAE04EC0-301F-11D3-BF4B-00C04F79EFBC}") = "DrewMusicShop.Tests", "DrewMusicShop.Tests\DrewMusicShop.Tests.csproj", "{09FDDB80-43BF-4A9F-A9B8-1CB6B7D63494}"
EndProject
Global
	GlobalSection(SolutionConfigurationPlatforms) = preSolution
		Debug|Any CPU = Debug|Any CPU
		Release|Any CPU = Release|Any CPU
	EndGlobalSection
	GlobalSection(ProjectConfigurationPlatforms) = postSolution
		{A6FE8632-C03F-4CF9-955B-89010B1C35A0}.Debug|Any CPU.ActiveCfg = Debug|Any CPU
		{A6FE8632-C03F-4CF9-955B-89010B1C35A0}.Debug|Any CPU.Build.0 = Debug|Any CPU
		{A6FE8632-C03F-4CF9-955B-89010B1C35A0}.Release|Any CPU.ActiveCfg = Release|Any CPU
		{A6FE8632-C03F-4CF9-955B-89010B1C35A0}.Release|Any CPU.Build.0 = Release|Any CPU
		{DF5EDDE0-7ED2-49F6-9CD1-21322A06DC8D}.Debug|Any CPU.ActiveCfg = Debug|Any CPU
		{DF5EDDE0-7ED2-49F6-9CD1-21322A06DC8D}.Debug|Any CPU.Build.0 = Debug|Any CPU
		{DF5EDDE0-7ED2-49F6-9CD1-21322A06DC8D}.Release|Any CPU.ActiveCfg = Release|Any CPU
		{DF5EDDE0-7ED2-49F6-9CD1-21322A06DC8D}.Release|Any CPU.Build.0 = Release|Any CPU
		{6285BB06-8D72-4FDC-8AC5-4B27D1F0FCB8}.Debug|Any CPU.ActiveCfg = Debug|Any CPU
		{6285BB06-8D72-4FDC-8AC5-4B27D1F0FCB8}.Debug|Any CPU.Build.0 = Debug|Any CPU
		{6285BB06-8D72-4FDC-8AC5-4B27D1F0FCB8}.Release|Any CPU.ActiveCfg = Release|Any CPU
		{6285BB06-8D72-4FDC-8AC5-4B27D1F0FCB8}.Release|Any CPU.Build.0 = Release|Any CPU
		{5F3FB0BF-5ADF-401A-AF5A-0C7E37DCE013}.Debug|Any CPU.ActiveCfg = Debug|Any CPU
		{5F3FB0BF-5ADF-401A-AF5A-0C7E37DCE013}.Debug|Any CPU.Build.0 = Debug|Any CPU
		{5F3FB0BF-5ADF-401A-AF5A-0C7E37DCE013}.Release|Any CPU.ActiveCfg = Release|Any CPU
		{5F3FB0BF-5ADF-401A-AF5A-0C7E37DCE013}.Release|Any CPU.Build.0 = Release|Any CPU
		{09FDDB80-43BF-4A9F-A9B8-1CB6B7D63494}.Debug|Any CPU.ActiveCfg = Debug|Any CPU
		{09FDDB80-43BF-4A9F-A9B8-1CB6B7D63494}.Debug|Any CPU.Build.0 = Debug|Any CPU
		{09FDDB80-43BF-4A9F-A9B8-1CB6B7D63494}.Release|Any CPU.ActiveCfg = Release|Any CPU
		{09FDDB80-43BF-4A9F-A9B8-1CB6B7D63494}.Release|Any CPU.Build.0 = Release|Any CPU
	EndGlobalSection
	GlobalSection(SolutionProperties) = preSolution
		HideSolutionNode = FALSE
	EndGlobalSection
	GlobalSection(ExtensibilityGlobals) = postSolution
		SolutionGuid = {2A554339-9DF8-492D-A831-2F7B3BE08586}
	EndGlobalSection
EndGlobal
